// !$*UTF8*$!
{
	archiveVersion = 1;
	classes = {
	};
	objectVersion = 50;
	objects = {

/* Begin PBXBuildFile section */
		A5EFB7A625E6922300B5161A /* ScoreBoardApp.swift in Sources */ = {isa = PBXBuildFile; fileRef = A5EFB7A525E6922300B5161A /* ScoreBoardApp.swift */; };
		A5EFB7A825E6922300B5161A /* ContentView.swift in Sources */ = {isa = PBXBuildFile; fileRef = A5EFB7A725E6922300B5161A /* ContentView.swift */; };
		A5EFB7AA25E6922400B5161A /* Assets.xcassets in Resources */ = {isa = PBXBuildFile; fileRef = A5EFB7A925E6922400B5161A /* Assets.xcassets */; };
		A5EFB7AD25E6922400B5161A /* Preview Assets.xcassets in Resources */ = {isa = PBXBuildFile; fileRef = A5EFB7AC25E6922400B5161A /* Preview Assets.xcassets */; };
		A5EFB7B825E6922400B5161A /* ScoreBoardTests.swift in Sources */ = {isa = PBXBuildFile; fileRef = A5EFB7B725E6922400B5161A /* ScoreBoardTests.swift */; };
		A5EFB7C325E6922400B5161A /* ScoreBoardUITests.swift in Sources */ = {isa = PBXBuildFile; fileRef = A5EFB7C225E6922400B5161A /* ScoreBoardUITests.swift */; };
/* End PBXBuildFile section */

/* Begin PBXContainerItemProxy section */
		A5EFB7B425E6922400B5161A /* PBXContainerItemProxy */ = {
			isa = PBXContainerItemProxy;
			containerPortal = A5EFB79A25E6922300B5161A /* Project object */;
			proxyType = 1;
			remoteGlobalIDString = A5EFB7A125E6922300B5161A;
			remoteInfo = ScoreBoard;
		};
		A5EFB7BF25E6922400B5161A /* PBXContainerItemProxy */ = {
			isa = PBXContainerItemProxy;
			containerPortal = A5EFB79A25E6922300B5161A /* Project object */;
			proxyType = 1;
			remoteGlobalIDString = A5EFB7A125E6922300B5161A;
			remoteInfo = ScoreBoard;
		};
/* End PBXContainerItemProxy section */

/* Begin PBXFileReference section */
		A5EFB7A225E6922300B5161A /* ScoreBoard.app */ = {isa = PBXFileReference; explicitFileType = wrapper.application; includeInIndex = 0; path = ScoreBoard.app; sourceTree = BUILT_PRODUCTS_DIR; };
		A5EFB7A525E6922300B5161A /* ScoreBoardApp.swift */ = {isa = PBXFileReference; lastKnownFileType = sourcecode.swift; path = ScoreBoardApp.swift; sourceTree = "<group>"; };
		A5EFB7A725E6922300B5161A /* ContentView.swift */ = {isa = PBXFileReference; lastKnownFileType = sourcecode.swift; path = ContentView.swift; sourceTree = "<group>"; };
		A5EFB7A925E6922400B5161A /* Assets.xcassets */ = {isa = PBXFileReference; lastKnownFileType = folder.assetcatalog; path = Assets.xcassets; sourceTree = "<group>"; };
		A5EFB7AC25E6922400B5161A /* Preview Assets.xcassets */ = {isa = PBXFileReference; lastKnownFileType = folder.assetcatalog; path = "Preview Assets.xcassets"; sourceTree = "<group>"; };
		A5EFB7AE25E6922400B5161A /* Info.plist */ = {isa = PBXFileReference; lastKnownFileType = text.plist.xml; path = Info.plist; sourceTree = "<group>"; };
		A5EFB7B325E6922400B5161A /* ScoreBoardTests.xctest */ = {isa = PBXFileReference; explicitFileType = wrapper.cfbundle; includeInIndex = 0; path = ScoreBoardTests.xctest; sourceTree = BUILT_PRODUCTS_DIR; };
		A5EFB7B725E6922400B5161A /* ScoreBoardTests.swift */ = {isa = PBXFileReference; lastKnownFileType = sourcecode.swift; path = ScoreBoardTests.swift; sourceTree = "<group>"; };
		A5EFB7B925E6922400B5161A /* Info.plist */ = {isa = PBXFileReference; lastKnownFileType = text.plist.xml; path = Info.plist; sourceTree = "<group>"; };
		A5EFB7BE25E6922400B5161A /* ScoreBoardUITests.xctest */ = {isa = PBXFileReference; explicitFileType = wrapper.cfbundle; includeInIndex = 0; path = ScoreBoardUITests.xctest; sourceTree = BUILT_PRODUCTS_DIR; };
		A5EFB7C225E6922400B5161A /* ScoreBoardUITests.swift */ = {isa = PBXFileReference; lastKnownFileType = sourcecode.swift; path = ScoreBoardUITests.swift; sourceTree = "<group>"; };
		A5EFB7C425E6922400B5161A /* Info.plist */ = {isa = PBXFileReference; lastKnownFileType = text.plist.xml; path = Info.plist; sourceTree = "<group>"; };
/* End PBXFileReference section */

/* Begin PBXFrameworksBuildPhase section */
		A5EFB79F25E6922300B5161A /* Frameworks */ = {
			isa = PBXFrameworksBuildPhase;
			buildActionMask = 2147483647;
			files = (
			);
			runOnlyForDeploymentPostprocessing = 0;
		};
		A5EFB7B025E6922400B5161A /* Frameworks */ = {
			isa = PBXFrameworksBuildPhase;
			buildActionMask = 2147483647;
			files = (
			);
			runOnlyForDeploymentPostprocessing = 0;
		};
		A5EFB7BB25E6922400B5161A /* Frameworks */ = {
			isa = PBXFrameworksBuildPhase;
			buildActionMask = 2147483647;
			files = (
			);
			runOnlyForDeploymentPostprocessing = 0;
		};
/* End PBXFrameworksBuildPhase section */

/* Begin PBXGroup section */
		A5EFB79925E6922300B5161A = {
			isa = PBXGroup;
			children = (
				A5EFB7A425E6922300B5161A /* ScoreBoard */,
				A5EFB7B625E6922400B5161A /* ScoreBoardTests */,
				A5EFB7C125E6922400B5161A /* ScoreBoardUITests */,
				A5EFB7A325E6922300B5161A /* Products */,
			);
			sourceTree = "<group>";
		};
		A5EFB7A325E6922300B5161A /* Products */ = {
			isa = PBXGroup;
			children = (
				A5EFB7A225E6922300B5161A /* ScoreBoard.app */,
				A5EFB7B325E6922400B5161A /* ScoreBoardTests.xctest */,
				A5EFB7BE25E6922400B5161A /* ScoreBoardUITests.xctest */,
			);
			name = Products;
			sourceTree = "<group>";
		};
		A5EFB7A425E6922300B5161A /* ScoreBoard */ = {
			isa = PBXGroup;
			children = (
				A5EFB7A525E6922300B5161A /* ScoreBoardApp.swift */,
				A5EFB7A725E6922300B5161A /* ContentView.swift */,
				A5EFB7A925E6922400B5161A /* Assets.xcassets */,
				A5EFB7AE25E6922400B5161A /* Info.plist */,
				A5EFB7AB25E6922400B5161A /* Preview Content */,
			);
			path = ScoreBoard;
			sourceTree = "<group>";
		};
		A5EFB7AB25E6922400B5161A /* Preview Content */ = {
			isa = PBXGroup;
			children = (
				A5EFB7AC25E6922400B5161A /* Preview Assets.xcassets */,
			);
			path = "Preview Content";
			sourceTree = "<group>";
		};
		A5EFB7B625E6922400B5161A /* ScoreBoardTests */ = {
			isa = PBXGroup;
			children = (
				A5EFB7B725E6922400B5161A /* ScoreBoardTests.swift */,
				A5EFB7B925E6922400B5161A /* Info.plist */,
			);
			path = ScoreBoardTests;
			sourceTree = "<group>";
		};
		A5EFB7C125E6922400B5161A /* ScoreBoardUITests */ = {
			isa = PBXGroup;
			children = (
				A5EFB7C225E6922400B5161A /* ScoreBoardUITests.swift */,
				A5EFB7C425E6922400B5161A /* Info.plist */,
			);
			path = ScoreBoardUITests;
			sourceTree = "<group>";
		};
/* End PBXGroup section */

/* Begin PBXNativeTarget section */
		A5EFB7A125E6922300B5161A /* ScoreBoard */ = {
			isa = PBXNativeTarget;
			buildConfigurationList = A5EFB7C725E6922400B5161A /* Build configuration list for PBXNativeTarget "ScoreBoard" */;
			buildPhases = (
				A5EFB79E25E6922300B5161A /* Sources */,
				A5EFB79F25E6922300B5161A /* Frameworks */,
				A5EFB7A025E6922300B5161A /* Resources */,
			);
			buildRules = (
			);
			dependencies = (
			);
			name = ScoreBoard;
			productName = ScoreBoard;
			productReference = A5EFB7A225E6922300B5161A /* ScoreBoard.app */;
			productType = "com.apple.product-type.application";
		};
		A5EFB7B225E6922400B5161A /* ScoreBoardTests */ = {
			isa = PBXNativeTarget;
			buildConfigurationList = A5EFB7CA25E6922400B5161A /* Build configuration list for PBXNativeTarget "ScoreBoardTests" */;
			buildPhases = (
				A5EFB7AF25E6922400B5161A /* Sources */,
				A5EFB7B025E6922400B5161A /* Frameworks */,
				A5EFB7B125E6922400B5161A /* Resources */,
			);
			buildRules = (
			);
			dependencies = (
				A5EFB7B525E6922400B5161A /* PBXTargetDependency */,
			);
			name = ScoreBoardTests;
			productName = ScoreBoardTests;
			productReference = A5EFB7B325E6922400B5161A /* ScoreBoardTests.xctest */;
			productType = "com.apple.product-type.bundle.unit-test";
		};
		A5EFB7BD25E6922400B5161A /* ScoreBoardUITests */ = {
			isa = PBXNativeTarget;
			buildConfigurationList = A5EFB7CD25E6922400B5161A /* Build configuration list for PBXNativeTarget "ScoreBoardUITests" */;
			buildPhases = (
				A5EFB7BA25E6922400B5161A /* Sources */,
				A5EFB7BB25E6922400B5161A /* Frameworks */,
				A5EFB7BC25E6922400B5161A /* Resources */,
			);
			buildRules = (
			);
			dependencies = (
				A5EFB7C025E6922400B5161A /* PBXTargetDependency */,
			);
			name = ScoreBoardUITests;
			productName = ScoreBoardUITests;
			productReference = A5EFB7BE25E6922400B5161A /* ScoreBoardUITests.xctest */;
			productType = "com.apple.product-type.bundle.ui-testing";
		};
/* End PBXNativeTarget section */

/* Begin PBXProject section */
		A5EFB79A25E6922300B5161A /* Project object */ = {
			isa = PBXProject;
			attributes = {
				LastSwiftUpdateCheck = 1240;
				LastUpgradeCheck = 1240;
				TargetAttributes = {
					A5EFB7A125E6922300B5161A = {
						CreatedOnToolsVersion = 12.4;
					};
					A5EFB7B225E6922400B5161A = {
						CreatedOnToolsVersion = 12.4;
						TestTargetID = A5EFB7A125E6922300B5161A;
					};
					A5EFB7BD25E6922400B5161A = {
						CreatedOnToolsVersion = 12.4;
						TestTargetID = A5EFB7A125E6922300B5161A;
					};
				};
			};
			buildConfigurationList = A5EFB79D25E6922300B5161A /* Build configuration list for PBXProject "ScoreBoard" */;
			compatibilityVersion = "Xcode 9.3";
			developmentRegion = en;
			hasScannedForEncodings = 0;
			knownRegions = (
				en,
				Base,
			);
			mainGroup = A5EFB79925E6922300B5161A;
			productRefGroup = A5EFB7A325E6922300B5161A /* Products */;
			projectDirPath = "";
			projectRoot = "";
			targets = (
				A5EFB7A125E6922300B5161A /* ScoreBoard */,
				A5EFB7B225E6922400B5161A /* ScoreBoardTests */,
				A5EFB7BD25E6922400B5161A /* ScoreBoardUITests */,
			);
		};
/* End PBXProject section */

/* Begin PBXResourcesBuildPhase section */
		A5EFB7A025E6922300B5161A /* Resources */ = {
			isa = PBXResourcesBuildPhase;
			buildActionMask = 2147483647;
			files = (
				A5EFB7AD25E6922400B5161A /* Preview Assets.xcassets in Resources */,
				A5EFB7AA25E6922400B5161A /* Assets.xcassets in Resources */,
			);
			runOnlyForDeploymentPostprocessing = 0;
		};
		A5EFB7B125E6922400B5161A /* Resources */ = {
			isa = PBXResourcesBuildPhase;
			buildActionMask = 2147483647;
			files = (
			);
			runOnlyForDeploymentPostprocessing = 0;
		};
		A5EFB7BC25E6922400B5161A /* Resources */ = {
			isa = PBXResourcesBuildPhase;
			buildActionMask = 2147483647;
			files = (
			);
			runOnlyForDeploymentPostprocessing = 0;
		};
/* End PBXResourcesBuildPhase section */

/* Begin PBXSourcesBuildPhase section */
		A5EFB79E25E6922300B5161A /* Sources */ = {
			isa = PBXSourcesBuildPhase;
			buildActionMask = 2147483647;
			files = (
				A5EFB7A825E6922300B5161A /* ContentView.swift in Sources */,
				A5EFB7A625E6922300B5161A /* ScoreBoardApp.swift in Sources */,
			);
			runOnlyForDeploymentPostprocessing = 0;
		};
		A5EFB7AF25E6922400B5161A /* Sources */ = {
			isa = PBXSourcesBuildPhase;
			buildActionMask = 2147483647;
			files = (
				A5EFB7B825E6922400B5161A /* ScoreBoardTests.swift in Sources */,
			);
			runOnlyForDeploymentPostprocessing = 0;
		};
		A5EFB7BA25E6922400B5161A /* Sources */ = {
			isa = PBXSourcesBuildPhase;
			buildActionMask = 2147483647;
			files = (
				A5EFB7C325E6922400B5161A /* ScoreBoardUITests.swift in Sources */,
			);
			runOnlyForDeploymentPostprocessing = 0;
		};
/* End PBXSourcesBuildPhase section */

/* Begin PBXTargetDependency section */
		A5EFB7B525E6922400B5161A /* PBXTargetDependency */ = {
			isa = PBXTargetDependency;
			target = A5EFB7A125E6922300B5161A /* ScoreBoard */;
			targetProxy = A5EFB7B425E6922400B5161A /* PBXContainerItemProxy */;
		};
		A5EFB7C025E6922400B5161A /* PBXTargetDependency */ = {
			isa = PBXTargetDependency;
			target = A5EFB7A125E6922300B5161A /* ScoreBoard */;
			targetProxy = A5EFB7BF25E6922400B5161A /* PBXContainerItemProxy */;
		};
/* End PBXTargetDependency section */

/* Begin XCBuildConfiguration section */
		A5EFB7C525E6922400B5161A /* Debug */ = {
			isa = XCBuildConfiguration;
			buildSettings = {
				ALWAYS_SEARCH_USER_PATHS = NO;
				CLANG_ANALYZER_NONNULL = YES;
				CLANG_ANALYZER_NUMBER_OBJECT_CONVERSION = YES_AGGRESSIVE;
				CLANG_CXX_LANGUAGE_STANDARD = "gnu++14";
				CLANG_CXX_LIBRARY = "libc++";
				CLANG_ENABLE_MODULES = YES;
				CLANG_ENABLE_OBJC_ARC = YES;
				CLANG_ENABLE_OBJC_WEAK = YES;
				CLANG_WARN_BLOCK_CAPTURE_AUTORELEASING = YES;
				CLANG_WARN_BOOL_CONVERSION = YES;
				CLANG_WARN_COMMA = YES;
				CLANG_WARN_CONSTANT_CONVERSION = YES;
				CLANG_WARN_DEPRECATED_OBJC_IMPLEMENTATIONS = YES;
				CLANG_WARN_DIRECT_OBJC_ISA_USAGE = YES_ERROR;
				CLANG_WARN_DOCUMENTATION_COMMENTS = YES;
				CLANG_WARN_EMPTY_BODY = YES;
				CLANG_WARN_ENUM_CONVERSION = YES;
				CLANG_WARN_INFINITE_RECURSION = YES;
				CLANG_WARN_INT_CONVERSION = YES;
				CLANG_WARN_NON_LITERAL_NULL_CONVERSION = YES;
				CLANG_WARN_OBJC_IMPLICIT_RETAIN_SELF = YES;
				CLANG_WARN_OBJC_LITERAL_CONVERSION = YES;
				CLANG_WARN_OBJC_ROOT_CLASS = YES_ERROR;
				CLANG_WARN_QUOTED_INCLUDE_IN_FRAMEWORK_HEADER = YES;
				CLANG_WARN_RANGE_LOOP_ANALYSIS = YES;
				CLANG_WARN_STRICT_PROTOTYPES = YES;
				CLANG_WARN_SUSPICIOUS_MOVE = YES;
				CLANG_WARN_UNGUARDED_AVAILABILITY = YES_AGGRESSIVE;
				CLANG_WARN_UNREACHABLE_CODE = YES;
				CLANG_WARN__DUPLICATE_METHOD_MATCH = YES;
				COPY_PHASE_STRIP = NO;
				DEBUG_INFORMATION_FORMAT = dwarf;
				ENABLE_STRICT_OBJC_MSGSEND = YES;
				ENABLE_TESTABILITY = YES;
				GCC_C_LANGUAGE_STANDARD = gnu11;
				GCC_DYNAMIC_NO_PIC = NO;
				GCC_NO_COMMON_BLOCKS = YES;
				GCC_OPTIMIZATION_LEVEL = 0;
				GCC_PREPROCESSOR_DEFINITIONS = (
					"DEBUG=1",
					"$(inherited)",
				);
				GCC_WARN_64_TO_32_BIT_CONVERSION = YES;
				GCC_WARN_ABOUT_RETURN_TYPE = YES_ERROR;
				GCC_WARN_UNDECLARED_SELECTOR = YES;
				GCC_WARN_UNINITIALIZED_AUTOS = YES_AGGRESSIVE;
				GCC_WARN_UNUSED_FUNCTION = YES;
				GCC_WARN_UNUSED_VARIABLE = YES;
				IPHONEOS_DEPLOYMENT_TARGET = 14.4;
				MTL_ENABLE_DEBUG_INFO = INCLUDE_SOURCE;
				MTL_FAST_MATH = YES;
				ONLY_ACTIVE_ARCH = YES;
				SDKROOT = iphoneos;
				SWIFT_ACTIVE_COMPILATION_CONDITIONS = DEBUG;
				SWIFT_OPTIMIZATION_LEVEL = "-Onone";
			};
			name = Debug;
		};
		A5EFB7C625E6922400B5161A /* Release */ = {
			isa = XCBuildConfiguration;
			buildSettings = {
				ALWAYS_SEARCH_USER_PATHS = NO;
				CLANG_ANALYZER_NONNULL = YES;
				CLANG_ANALYZER_NUMBER_OBJECT_CONVERSION = YES_AGGRESSIVE;
				CLANG_CXX_LANGUAGE_STANDARD = "gnu++14";
				CLANG_CXX_LIBRARY = "libc++";
				CLANG_ENABLE_MODULES = YES;
				CLANG_ENABLE_OBJC_ARC = YES;
				CLANG_ENABLE_OBJC_WEAK = YES;
				CLANG_WARN_BLOCK_CAPTURE_AUTORELEASING = YES;
				CLANG_WARN_BOOL_CONVERSION = YES;
				CLANG_WARN_COMMA = YES;
				CLANG_WARN_CONSTANT_CONVERSION = YES;
				CLANG_WARN_DEPRECATED_OBJC_IMPLEMENTATIONS = YES;
				CLANG_WARN_DIRECT_OBJC_ISA_USAGE = YES_ERROR;
				CLANG_WARN_DOCUMENTATION_COMMENTS = YES;
				CLANG_WARN_EMPTY_BODY = YES;
				CLANG_WARN_ENUM_CONVERSION = YES;
				CLANG_WARN_INFINITE_RECURSION = YES;
				CLANG_WARN_INT_CONVERSION = YES;
				CLANG_WARN_NON_LITERAL_NULL_CONVERSION = YES;
				CLANG_WARN_OBJC_IMPLICIT_RETAIN_SELF = YES;
				CLANG_WARN_OBJC_LITERAL_CONVERSION = YES;
				CLANG_WARN_OBJC_ROOT_CLASS = YES_ERROR;
				CLANG_WARN_QUOTED_INCLUDE_IN_FRAMEWORK_HEADER = YES;
				CLANG_WARN_RANGE_LOOP_ANALYSIS = YES;
				CLANG_WARN_STRICT_PROTOTYPES = YES;
				CLANG_WARN_SUSPICIOUS_MOVE = YES;
				CLANG_WARN_UNGUARDED_AVAILABILITY = YES_AGGRESSIVE;
				CLANG_WARN_UNREACHABLE_CODE = YES;
				CLANG_WARN__DUPLICATE_METHOD_MATCH = YES;
				COPY_PHASE_STRIP = NO;
				DEBUG_INFORMATION_FORMAT = "dwarf-with-dsym";
				ENABLE_NS_ASSERTIONS = NO;
				ENABLE_STRICT_OBJC_MSGSEND = YES;
				GCC_C_LANGUAGE_STANDARD = gnu11;
				GCC_NO_COMMON_BLOCKS = YES;
				GCC_WARN_64_TO_32_BIT_CONVERSION = YES;
				GCC_WARN_ABOUT_RETURN_TYPE = YES_ERROR;
				GCC_WARN_UNDECLARED_SELECTOR = YES;
				GCC_WARN_UNINITIALIZED_AUTOS = YES_AGGRESSIVE;
				GCC_WARN_UNUSED_FUNCTION = YES;
				GCC_WARN_UNUSED_VARIABLE = YES;
				IPHONEOS_DEPLOYMENT_TARGET = 14.4;
				MTL_ENABLE_DEBUG_INFO = NO;
				MTL_FAST_MATH = YES;
				SDKROOT = iphoneos;
				SWIFT_COMPILATION_MODE = wholemodule;
				SWIFT_OPTIMIZATION_LEVEL = "-O";
				VALIDATE_PRODUCT = YES;
			};
			name = Release;
		};
		A5EFB7C825E6922400B5161A /* Debug */ = {
			isa = XCBuildConfiguration;
			buildSettings = {
				ASSETCATALOG_COMPILER_APPICON_NAME = AppIcon;
				ASSETCATALOG_COMPILER_GLOBAL_ACCENT_COLOR_NAME = AccentColor;
				CODE_SIGN_STYLE = Automatic;
				DEVELOPMENT_ASSET_PATHS = "\"ScoreBoard/Preview Content\"";
				DEVELOPMENT_TEAM = BWLM58V4VX;
				ENABLE_PREVIEWS = YES;
				INFOPLIST_FILE = ScoreBoard/Info.plist;
				IPHONEOS_DEPLOYMENT_TARGET = 14.0;
				LD_RUNPATH_SEARCH_PATHS = (
					"$(inherited)",
					"@executable_path/Frameworks",
				);
				PRODUCT_BUNDLE_IDENTIFIER = com.app.ScoreBoard;
				PRODUCT_NAME = "$(TARGET_NAME)";
				SWIFT_VERSION = 5.0;
				TARGETED_DEVICE_FAMILY = "1,2";
			};
			name = Debug;
		};
		A5EFB7C925E6922400B5161A /* Release */ = {
			isa = XCBuildConfiguration;
			buildSettings = {
				ASSETCATALOG_COMPILER_APPICON_NAME = AppIcon;
				ASSETCATALOG_COMPILER_GLOBAL_ACCENT_COLOR_NAME = AccentColor;
				CODE_SIGN_STYLE = Automatic;
				DEVELOPMENT_ASSET_PATHS = "\"ScoreBoard/Preview Content\"";
				DEVELOPMENT_TEAM = BWLM58V4VX;
				ENABLE_PREVIEWS = YES;
				INFOPLIST_FILE = ScoreBoard/Info.plist;
				IPHONEOS_DEPLOYMENT_TARGET = 14.0;
				LD_RUNPATH_SEARCH_PATHS = (
					"$(inherited)",
					"@executable_path/Frameworks",
				);
				PRODUCT_BUNDLE_IDENTIFIER = com.app.ScoreBoard;
				PRODUCT_NAME = "$(TARGET_NAME)";
				SWIFT_VERSION = 5.0;
				TARGETED_DEVICE_FAMILY = "1,2";
			};
			name = Release;
		};
		A5EFB7CB25E6922400B5161A /* Debug */ = {
			isa = XCBuildConfiguration;
			buildSettings = {
				ALWAYS_EMBED_SWIFT_STANDARD_LIBRARIES = YES;
				BUNDLE_LOADER = "$(TEST_HOST)";
				CODE_SIGN_STYLE = Automatic;
				DEVELOPMENT_TEAM = BWLM58V4VX;
				INFOPLIST_FILE = ScoreBoardTests/Info.plist;
				IPHONEOS_DEPLOYMENT_TARGET = 14.0;
				LD_RUNPATH_SEARCH_PATHS = (
					"$(inherited)",
					"@executable_path/Frameworks",
					"@loader_path/Frameworks",
				);
				PRODUCT_BUNDLE_IDENTIFIER = com.app.ScoreBoardTests;
				PRODUCT_NAME = "$(TARGET_NAME)";
				SWIFT_VERSION = 5.0;
				TARGETED_DEVICE_FAMILY = "1,2";
				TEST_HOST = "$(BUILT_PRODUCTS_DIR)/ScoreBoard.app/ScoreBoard";
			};
			name = Debug;
		};
		A5EFB7CC25E6922400B5161A /* Release */ = {
			isa = XCBuildConfiguration;
			buildSettings = {
				ALWAYS_EMBED_SWIFT_STANDARD_LIBRARIES = YES;
				BUNDLE_LOADER = "$(TEST_HOST)";
				CODE_SIGN_STYLE = Automatic;
				DEVELOPMENT_TEAM = BWLM58V4VX;
				INFOPLIST_FILE = ScoreBoardTests/Info.plist;
				IPHONEOS_DEPLOYMENT_TARGET = 14.0;
				LD_RUNPATH_SEARCH_PATHS = (
					"$(inherited)",
					"@executable_path/Frameworks",
					"@loader_path/Frameworks",
				);
				PRODUCT_BUNDLE_IDENTIFIER = com.app.ScoreBoardTests;
				PRODUCT_NAME = "$(TARGET_NAME)";
				SWIFT_VERSION = 5.0;
				TARGETED_DEVICE_FAMILY = "1,2";
				TEST_HOST = "$(BUILT_PRODUCTS_DIR)/ScoreBoard.app/ScoreBoard";
			};
			name = Release;
		};
		A5EFB7CE25E6922400B5161A /* Debug */ = {
			isa = XCBuildConfiguration;
			buildSettings = {
				ALWAYS_EMBED_SWIFT_STANDARD_LIBRARIES = YES;
				CODE_SIGN_STYLE = Automatic;
				DEVELOPMENT_TEAM = BWLM58V4VX;
				INFOPLIST_FILE = ScoreBoardUITests/Info.plist;
				LD_RUNPATH_SEARCH_PATHS = (
					"$(inherited)",
					"@executable_path/Frameworks",
					"@loader_path/Frameworks",
				);
				PRODUCT_BUNDLE_IDENTIFIER = com.app.ScoreBoardUITests;
				PRODUCT_NAME = "$(TARGET_NAME)";
				SWIFT_VERSION = 5.0;
				TARGETED_DEVICE_FAMILY = "1,2";
				TEST_TARGET_NAME = ScoreBoard;
			};
			name = Debug;
		};
		A5EFB7CF25E6922400B5161A /* Release */ = {
			isa = XCBuildConfiguration;
			buildSettings = {
				ALWAYS_EMBED_SWIFT_STANDARD_LIBRARIES = YES;
				CODE_SIGN_STYLE = Automatic;
				DEVELOPMENT_TEAM = BWLM58V4VX;
				INFOPLIST_FILE = ScoreBoardUITests/Info.plist;
				LD_RUNPATH_SEARCH_PATHS = (
					"$(inherited)",
					"@executable_path/Frameworks",
					"@loader_path/Frameworks",
				);
				PRODUCT_BUNDLE_IDENTIFIER = com.app.ScoreBoardUITests;
				PRODUCT_NAME = "$(TARGET_NAME)";
				SWIFT_VERSION = 5.0;
				TARGETED_DEVICE_FAMILY = "1,2";
				TEST_TARGET_NAME = ScoreBoard;
			};
			name = Release;
		};
/* End XCBuildConfiguration section */

/* Begin XCConfigurationList section */
		A5EFB79D25E6922300B5161A /* Build configuration list for PBXProject "ScoreBoard" */ = {
			isa = XCConfigurationList;
			buildConfigurations = (
				A5EFB7C525E6922400B5161A /* Debug */,
				A5EFB7C625E6922400B5161A /* Release */,
			);
			defaultConfigurationIsVisible = 0;
			defaultConfigurationName = Release;
		};
		A5EFB7C725E6922400B5161A /* Build configuration list for PBXNativeTarget "ScoreBoard" */ = {
			isa = XCConfigurationList;
			buildConfigurations = (
				A5EFB7C825E6922400B5161A /* Debug */,
				A5EFB7C925E6922400B5161A /* Release */,
			);
			defaultConfigurationIsVisible = 0;
			defaultConfigurationName = Release;
		};
		A5EFB7CA25E6922400B5161A /* Build configuration list for PBXNativeTarget "ScoreBoardTests" */ = {
			isa = XCConfigurationList;
			buildConfigurations = (
				A5EFB7CB25E6922400B5161A /* Debug */,
				A5EFB7CC25E6922400B5161A /* Release */,
			);
			defaultConfigurationIsVisible = 0;
			defaultConfigurationName = Release;
		};
		A5EFB7CD25E6922400B5161A /* Build configuration list for PBXNativeTarget "ScoreBoardUITests" */ = {
			isa = XCConfigurationList;
			buildConfigurations = (
				A5EFB7CE25E6922400B5161A /* Debug */,
				A5EFB7CF25E6922400B5161A /* Release */,
			);
			defaultConfigurationIsVisible = 0;
			defaultConfigurationName = Release;
		};
/* End XCConfigurationList section */
	};
	rootObject = A5EFB79A25E6922300B5161A /* Project object */;
}
